
Microsoft Visual Studio Solution File, Format Version 12.00
# Visual Studio Version 16
VisualStudioVersion = 16.0.29324.140
MinimumVisualStudioVersion = 10.0.40219.1
Project("{FAE04EC0-301F-11D3-BF4B-00C04F79EFBC}") = "tgwTask", "tgwTask\tgwTask.csproj", "{29E89914-A71B-4A12-ACD1-31754F792DBC}"
EndProject
Global
	GlobalSection(SolutionConfigurationPlatforms) = preSolution
		Debug|Any CPU = Debug|Any CPU
		Release|Any CPU = Release|Any CPU
	EndGlobalSection
	GlobalSection(ProjectConfigurationPlatforms) = postSolution
		{29E89914-A71B-4A12-ACD1-31754F792DBC}.Debug|Any CPU.ActiveCfg = Debug|Any CPU
		{29E89914-A71B-4A12-ACD1-31754F792DBC}.Debug|Any CPU.Build.0 = Debug|Any CPU
		{29E89914-A71B-4A12-ACD1-31754F792DBC}.Release|Any CPU.ActiveCfg = Release|Any CPU
		{29E89914-A71B-4A12-ACD1-31754F792DBC}.Release|Any CPU.Build.0 = Release|Any CPU
	EndGlobalSection
	GlobalSection(SolutionProperties) = preSolution
		HideSolutionNode = FALSE
	EndGlobalSection
	GlobalSection(ExtensibilityGlobals) = postSolution
		SolutionGuid = {BED5C028-E512-4ACB-B331-43954807B1ED}
	EndGlobalSection
EndGlobal
